// !$*UTF8*$!
{
	archiveVersion = 1;
	classes = {
	};
	objectVersion = 56;
	objects = {

/* Begin PBXBuildFile section */
		359FFCBA175E2D77A26C390D /* Pods_YandexSMD_HW_Zheliba.framework in Frameworks */ = {isa = PBXBuildFile; fileRef = 3829DC31E6CF1EE4C461494A /* Pods_YandexSMD_HW_Zheliba.framework */; };
		43F4DEB9500F0E93B8BD2C9F /* Pods_YandexSMD_HW_ZhelibaTests.framework in Frameworks */ = {isa = PBXBuildFile; fileRef = 34A6B776238C67552CBF053D /* Pods_YandexSMD_HW_ZhelibaTests.framework */; };
		4F355BFD2C301CBD0049DBAB /* MainViewModel.swift in Sources */ = {isa = PBXBuildFile; fileRef = 4F355BFC2C301CBD0049DBAB /* MainViewModel.swift */; };
		4F355BFF2C301CE10049DBAB /* ModalState.swift in Sources */ = {isa = PBXBuildFile; fileRef = 4F355BFE2C301CE10049DBAB /* ModalState.swift */; };
		4F355C032C301D990049DBAB /* Importants.swift in Sources */ = {isa = PBXBuildFile; fileRef = 4F355C022C301D990049DBAB /* Importants.swift */; };
		4F355C062C301E4F0049DBAB /* Color+Ext.swift in Sources */ = {isa = PBXBuildFile; fileRef = 4F355C052C301E4F0049DBAB /* Color+Ext.swift */; };
		4F355C082C301E690049DBAB /* Date+Ext.swift in Sources */ = {isa = PBXBuildFile; fileRef = 4F355C072C301E690049DBAB /* Date+Ext.swift */; };
		4F355C0C2C301EC40049DBAB /* SheetModifier.swift in Sources */ = {isa = PBXBuildFile; fileRef = 4F355C0B2C301EC40049DBAB /* SheetModifier.swift */; };
		4F355C0E2C301ECD0049DBAB /* ColorModifier.swift in Sources */ = {isa = PBXBuildFile; fileRef = 4F355C0D2C301ECD0049DBAB /* ColorModifier.swift */; };
		4F355C102C301ED50049DBAB /* TextFieldFrameModifier.swift in Sources */ = {isa = PBXBuildFile; fileRef = 4F355C0F2C301ED50049DBAB /* TextFieldFrameModifier.swift */; };
		4F355C132C301F120049DBAB /* TaskView.swift in Sources */ = {isa = PBXBuildFile; fileRef = 4F355C122C301F120049DBAB /* TaskView.swift */; };
		4F355C152C301F260049DBAB /* ColorPicker.swift in Sources */ = {isa = PBXBuildFile; fileRef = 4F355C142C301F260049DBAB /* ColorPicker.swift */; };
		4F355C182C301F630049DBAB /* MainView.swift in Sources */ = {isa = PBXBuildFile; fileRef = 4F355C172C301F630049DBAB /* MainView.swift */; };
		4F355C1A2C301F730049DBAB /* DetailsView.swift in Sources */ = {isa = PBXBuildFile; fileRef = 4F355C192C301F730049DBAB /* DetailsView.swift */; };
		4F355C1C2C3020480049DBAB /* UIApplication+Ext.swift in Sources */ = {isa = PBXBuildFile; fileRef = 4F355C1B2C3020480049DBAB /* UIApplication+Ext.swift */; };
		4F355C202C3020B10049DBAB /* CaseIterable.swift in Sources */ = {isa = PBXBuildFile; fileRef = 4F355C1F2C3020B10049DBAB /* CaseIterable.swift */; };
		4F355C222C3026140049DBAB /* ToDoList_iosCSVTests.swift in Sources */ = {isa = PBXBuildFile; fileRef = 4F355C212C3026140049DBAB /* ToDoList_iosCSVTests.swift */; };
		4F355C262C3026F30049DBAB /* YandexSMD_HW_ZhelibaJsonTests.swift in Sources */ = {isa = PBXBuildFile; fileRef = 4F355C252C3026F30049DBAB /* YandexSMD_HW_ZhelibaJsonTests.swift */; };
		4F355C282C3897520049DBAB /* CalendarView.swift in Sources */ = {isa = PBXBuildFile; fileRef = 4F355C272C3897520049DBAB /* CalendarView.swift */; };
		4F355C2A2C3897BF0049DBAB /* UIView+Ext.swift in Sources */ = {isa = PBXBuildFile; fileRef = 4F355C292C3897BF0049DBAB /* UIView+Ext.swift */; };
		4F355C2C2C3897D70049DBAB /* UIImage+Ext.swift in Sources */ = {isa = PBXBuildFile; fileRef = 4F355C2B2C3897D70049DBAB /* UIImage+Ext.swift */; };
		4F355C2E2C3897FE0049DBAB /* KeyboardModifier.swift in Sources */ = {isa = PBXBuildFile; fileRef = 4F355C2D2C3897FE0049DBAB /* KeyboardModifier.swift */; };
		4F355C302C3899900049DBAB /* CalendarViewCoordinator.swift in Sources */ = {isa = PBXBuildFile; fileRef = 4F355C2F2C3899900049DBAB /* CalendarViewCoordinator.swift */; };
		4F355C322C3899B20049DBAB /* CalendarViewCoordinator+Ext.swift in Sources */ = {isa = PBXBuildFile; fileRef = 4F355C312C3899B20049DBAB /* CalendarViewCoordinator+Ext.swift */; };
		4F355C342C389AA10049DBAB /* CalendarCollectionViewCell.swift in Sources */ = {isa = PBXBuildFile; fileRef = 4F355C332C389AA10049DBAB /* CalendarCollectionViewCell.swift */; };
		4F355C362C389AB20049DBAB /* CalendarTableViewCell.swift in Sources */ = {isa = PBXBuildFile; fileRef = 4F355C352C389AB20049DBAB /* CalendarTableViewCell.swift */; };
		4F355C382C389B300049DBAB /* StorageLogic.swift in Sources */ = {isa = PBXBuildFile; fileRef = 4F355C372C389B300049DBAB /* StorageLogic.swift */; };
		4F355C3A2C389B670049DBAB /* Category.swift in Sources */ = {isa = PBXBuildFile; fileRef = 4F355C392C389B670049DBAB /* Category.swift */; };
		4F60F9FC2C42B4FF00914854 /* DeadlineView.swift in Sources */ = {isa = PBXBuildFile; fileRef = 4F60F9FB2C42B4FF00914854 /* DeadlineView.swift */; };
		4F60F9FE2C42B55300914854 /* TextFieldView.swift in Sources */ = {isa = PBXBuildFile; fileRef = 4F60F9FD2C42B55300914854 /* TextFieldView.swift */; };
		4F60FA002C42B56F00914854 /* CategoryView.swift in Sources */ = {isa = PBXBuildFile; fileRef = 4F60F9FF2C42B56F00914854 /* CategoryView.swift */; };
		4F60FA022C42B58200914854 /* ImportanceView.swift in Sources */ = {isa = PBXBuildFile; fileRef = 4F60FA012C42B58200914854 /* ImportanceView.swift */; };
		4F60FA042C42B5C200914854 /* DetailsViewModel.swift in Sources */ = {isa = PBXBuildFile; fileRef = 4F60FA032C42B5C200914854 /* DetailsViewModel.swift */; };
		4F60FA062C42B64E00914854 /* LogFormatter.swift in Sources */ = {isa = PBXBuildFile; fileRef = 4F60FA052C42B64E00914854 /* LogFormatter.swift */; };
		4F60FA082C42B6B800914854 /* URLSession+Ext.swift in Sources */ = {isa = PBXBuildFile; fileRef = 4F60FA072C42B6B800914854 /* URLSession+Ext.swift */; };
		4F60FA0A2C42B71600914854 /* UINavigationController+Ext.swift in Sources */ = {isa = PBXBuildFile; fileRef = 4F60FA092C42B71600914854 /* UINavigationController+Ext.swift */; };
		4F60FA0C2C42BE9D00914854 /* ColorPickerView.swift in Sources */ = {isa = PBXBuildFile; fileRef = 4F60FA0B2C42BE9D00914854 /* ColorPickerView.swift */; };
		4F60FA282C4A83C300914854 /* YandexSMD_HW_UITests.swift in Sources */ = {isa = PBXBuildFile; fileRef = 4F60FA272C4A83C300914854 /* YandexSMD_HW_UITests.swift */; };
		4F60FA2A2C4A843700914854 /* YandexSMD_HW_UITestsLaunchTests.swift in Sources */ = {isa = PBXBuildFile; fileRef = 4F60FA292C4A843700914854 /* YandexSMD_HW_UITestsLaunchTests.swift */; };
		4F60FA2C2C4A918800914854 /* AlertModifier.swift in Sources */ = {isa = PBXBuildFile; fileRef = 4F60FA2B2C4A918800914854 /* AlertModifier.swift */; };
		4F60FA2E2C4A921500914854 /* Constants.swift in Sources */ = {isa = PBXBuildFile; fileRef = 4F60FA2D2C4A921500914854 /* Constants.swift */; };
		4F60FA302C4A924200914854 /* MockTodoItems.swift in Sources */ = {isa = PBXBuildFile; fileRef = 4F60FA2F2C4A924200914854 /* MockTodoItems.swift */; };
		4F60FA322C4A930D00914854 /* AlertData.swift in Sources */ = {isa = PBXBuildFile; fileRef = 4F60FA312C4A930D00914854 /* AlertData.swift */; };
		4F60FA352C4A93B700914854 /* NetworkingService.swift in Sources */ = {isa = PBXBuildFile; fileRef = 4F60FA342C4A93B700914854 /* NetworkingService.swift */; };
		4F60FA372C4A93CA00914854 /* DefaultNetworkingService.swift in Sources */ = {isa = PBXBuildFile; fileRef = 4F60FA362C4A93CA00914854 /* DefaultNetworkingService.swift */; };
		4F60FA3A2C4A93EC00914854 /* NetworkingElement.swift in Sources */ = {isa = PBXBuildFile; fileRef = 4F60FA392C4A93EC00914854 /* NetworkingElement.swift */; };
		4F60FA3C2C4A93FC00914854 /* NetworkingItem.swift in Sources */ = {isa = PBXBuildFile; fileRef = 4F60FA3B2C4A93FC00914854 /* NetworkingItem.swift */; };
		4F60FA3E2C4A941000914854 /* NetworkingList.swift in Sources */ = {isa = PBXBuildFile; fileRef = 4F60FA3D2C4A941000914854 /* NetworkingList.swift */; };
		4F60FA402C4A942800914854 /* NetworkingErrors.swift in Sources */ = {isa = PBXBuildFile; fileRef = 4F60FA3F2C4A942800914854 /* NetworkingErrors.swift */; };
		4F60FA422C4A943800914854 /* Delay.swift in Sources */ = {isa = PBXBuildFile; fileRef = 4F60FA412C4A943800914854 /* Delay.swift */; };
		4F60FA442C4A946700914854 /* KeychainService.swift in Sources */ = {isa = PBXBuildFile; fileRef = 4F60FA432C4A946700914854 /* KeychainService.swift */; };
		4F60FA462C4AAC5C00914854 /* DataForParsing.swift in Sources */ = {isa = PBXBuildFile; fileRef = 4F60FA452C4AAC5C00914854 /* DataForParsing.swift */; };
		4FBF33CB2C429BF60045634F /* CocoaLumberjack in Frameworks */ = {isa = PBXBuildFile; productRef = 4FBF33CA2C429BF60045634F /* CocoaLumberjack */; };
		4FBF33CD2C429BF60045634F /* CocoaLumberjackSwift in Frameworks */ = {isa = PBXBuildFile; productRef = 4FBF33CC2C429BF60045634F /* CocoaLumberjackSwift */; };
		4FBF33CF2C429BF60045634F /* CocoaLumberjackSwiftLogBackend in Frameworks */ = {isa = PBXBuildFile; productRef = 4FBF33CE2C429BF60045634F /* CocoaLumberjackSwiftLogBackend */; };
		4FCD79E02C55097300E6A3A8 /* SQLFileCache.swift in Sources */ = {isa = PBXBuildFile; fileRef = 4FCD79DF2C55097300E6A3A8 /* SQLFileCache.swift */; };
		4FCD79E22C55099000E6A3A8 /* SwiftDataFileCache.swift in Sources */ = {isa = PBXBuildFile; fileRef = 4FCD79E12C55099000E6A3A8 /* SwiftDataFileCache.swift */; };
		4FCD79E42C550A1B00E6A3A8 /* SwiftDataStorage.swift in Sources */ = {isa = PBXBuildFile; fileRef = 4FCD79E32C550A1B00E6A3A8 /* SwiftDataStorage.swift */; };
		4FCD79E72C550B9000E6A3A8 /* SQLite in Frameworks */ = {isa = PBXBuildFile; productRef = 4FCD79E62C550B9000E6A3A8 /* SQLite */; };
		4FCD79E92C550C3900E6A3A8 /* Reachability.swift in Sources */ = {isa = PBXBuildFile; fileRef = 4FCD79E82C550C3900E6A3A8 /* Reachability.swift */; };
		4FDCD8772C25946100E6D5A3 /* YandexSMD_HW_ZhelibaApp.swift in Sources */ = {isa = PBXBuildFile; fileRef = 4FDCD8762C25946100E6D5A3 /* YandexSMD_HW_ZhelibaApp.swift */; };
		4FDCD8792C25946100E6D5A3 /* ContentView.swift in Sources */ = {isa = PBXBuildFile; fileRef = 4FDCD8782C25946100E6D5A3 /* ContentView.swift */; };
		4FDCD87B2C25946300E6D5A3 /* Assets.xcassets in Resources */ = {isa = PBXBuildFile; fileRef = 4FDCD87A2C25946300E6D5A3 /* Assets.xcassets */; };
		4FDCD87E2C25946300E6D5A3 /* Preview Assets.xcassets in Resources */ = {isa = PBXBuildFile; fileRef = 4FDCD87D2C25946300E6D5A3 /* Preview Assets.xcassets */; };
		4FDCD8882C259F0C00E6D5A3 /* TodoItemModel.swift in Sources */ = {isa = PBXBuildFile; fileRef = 4FDCD8872C259F0C00E6D5A3 /* TodoItemModel.swift */; };
		4FDCD88C2C25A0C200E6D5A3 /* FileCache.swift in Sources */ = {isa = PBXBuildFile; fileRef = 4FDCD88B2C25A0C200E6D5A3 /* FileCache.swift */; };
/* End PBXBuildFile section */

/* Begin PBXContainerItemProxy section */
		4FDCD89F2C25A57000E6D5A3 /* PBXContainerItemProxy */ = {
			isa = PBXContainerItemProxy;
			containerPortal = 4FDCD86B2C25946100E6D5A3 /* Project object */;
			proxyType = 1;
			remoteGlobalIDString = 4FDCD8722C25946100E6D5A3;
			remoteInfo = YandexSMD_HW_Zheliba;
		};
/* End PBXContainerItemProxy section */

/* Begin PBXFileReference section */
		12249285C880633B7A5AF6F8 /* Pods-YandexSMD_HW_ZhelibaTests.debug.xcconfig */ = {isa = PBXFileReference; includeInIndex = 1; lastKnownFileType = text.xcconfig; name = "Pods-YandexSMD_HW_ZhelibaTests.debug.xcconfig"; path = "Target Support Files/Pods-YandexSMD_HW_ZhelibaTests/Pods-YandexSMD_HW_ZhelibaTests.debug.xcconfig"; sourceTree = "<group>"; };
		34A6B776238C67552CBF053D /* Pods_YandexSMD_HW_ZhelibaTests.framework */ = {isa = PBXFileReference; explicitFileType = wrapper.framework; includeInIndex = 0; path = Pods_YandexSMD_HW_ZhelibaTests.framework; sourceTree = BUILT_PRODUCTS_DIR; };
		375C7DC9A05A8C749398D2C9 /* Pods-YandexSMD_HW_Zheliba.release.xcconfig */ = {isa = PBXFileReference; includeInIndex = 1; lastKnownFileType = text.xcconfig; name = "Pods-YandexSMD_HW_Zheliba.release.xcconfig"; path = "Target Support Files/Pods-YandexSMD_HW_Zheliba/Pods-YandexSMD_HW_Zheliba.release.xcconfig"; sourceTree = "<group>"; };
		3829DC31E6CF1EE4C461494A /* Pods_YandexSMD_HW_Zheliba.framework */ = {isa = PBXFileReference; explicitFileType = wrapper.framework; includeInIndex = 0; path = Pods_YandexSMD_HW_Zheliba.framework; sourceTree = BUILT_PRODUCTS_DIR; };
		4F355BFC2C301CBD0049DBAB /* MainViewModel.swift */ = {isa = PBXFileReference; lastKnownFileType = sourcecode.swift; path = MainViewModel.swift; sourceTree = "<group>"; };
		4F355BFE2C301CE10049DBAB /* ModalState.swift */ = {isa = PBXFileReference; lastKnownFileType = sourcecode.swift; path = ModalState.swift; sourceTree = "<group>"; };
		4F355C022C301D990049DBAB /* Importants.swift */ = {isa = PBXFileReference; lastKnownFileType = sourcecode.swift; path = Importants.swift; sourceTree = "<group>"; };
		4F355C052C301E4F0049DBAB /* Color+Ext.swift */ = {isa = PBXFileReference; lastKnownFileType = sourcecode.swift; path = "Color+Ext.swift"; sourceTree = "<group>"; };
		4F355C072C301E690049DBAB /* Date+Ext.swift */ = {isa = PBXFileReference; lastKnownFileType = sourcecode.swift; path = "Date+Ext.swift"; sourceTree = "<group>"; };
		4F355C0B2C301EC40049DBAB /* SheetModifier.swift */ = {isa = PBXFileReference; lastKnownFileType = sourcecode.swift; path = SheetModifier.swift; sourceTree = "<group>"; };
		4F355C0D2C301ECD0049DBAB /* ColorModifier.swift */ = {isa = PBXFileReference; lastKnownFileType = sourcecode.swift; path = ColorModifier.swift; sourceTree = "<group>"; };
		4F355C0F2C301ED50049DBAB /* TextFieldFrameModifier.swift */ = {isa = PBXFileReference; lastKnownFileType = sourcecode.swift; path = TextFieldFrameModifier.swift; sourceTree = "<group>"; };
		4F355C122C301F120049DBAB /* TaskView.swift */ = {isa = PBXFileReference; lastKnownFileType = sourcecode.swift; path = TaskView.swift; sourceTree = "<group>"; };
		4F355C142C301F260049DBAB /* ColorPicker.swift */ = {isa = PBXFileReference; lastKnownFileType = sourcecode.swift; path = ColorPicker.swift; sourceTree = "<group>"; };
		4F355C172C301F630049DBAB /* MainView.swift */ = {isa = PBXFileReference; lastKnownFileType = sourcecode.swift; path = MainView.swift; sourceTree = "<group>"; };
		4F355C192C301F730049DBAB /* DetailsView.swift */ = {isa = PBXFileReference; lastKnownFileType = sourcecode.swift; path = DetailsView.swift; sourceTree = "<group>"; };
		4F355C1B2C3020480049DBAB /* UIApplication+Ext.swift */ = {isa = PBXFileReference; lastKnownFileType = sourcecode.swift; path = "UIApplication+Ext.swift"; sourceTree = "<group>"; };
		4F355C1F2C3020B10049DBAB /* CaseIterable.swift */ = {isa = PBXFileReference; lastKnownFileType = sourcecode.swift; path = CaseIterable.swift; sourceTree = "<group>"; };
		4F355C212C3026140049DBAB /* ToDoList_iosCSVTests.swift */ = {isa = PBXFileReference; lastKnownFileType = sourcecode.swift; path = ToDoList_iosCSVTests.swift; sourceTree = "<group>"; };
		4F355C252C3026F30049DBAB /* YandexSMD_HW_ZhelibaJsonTests.swift */ = {isa = PBXFileReference; lastKnownFileType = sourcecode.swift; path = YandexSMD_HW_ZhelibaJsonTests.swift; sourceTree = "<group>"; };
		4F355C272C3897520049DBAB /* CalendarView.swift */ = {isa = PBXFileReference; lastKnownFileType = sourcecode.swift; path = CalendarView.swift; sourceTree = "<group>"; };
		4F355C292C3897BF0049DBAB /* UIView+Ext.swift */ = {isa = PBXFileReference; lastKnownFileType = sourcecode.swift; path = "UIView+Ext.swift"; sourceTree = "<group>"; };
		4F355C2B2C3897D70049DBAB /* UIImage+Ext.swift */ = {isa = PBXFileReference; lastKnownFileType = sourcecode.swift; path = "UIImage+Ext.swift"; sourceTree = "<group>"; };
		4F355C2D2C3897FE0049DBAB /* KeyboardModifier.swift */ = {isa = PBXFileReference; lastKnownFileType = sourcecode.swift; path = KeyboardModifier.swift; sourceTree = "<group>"; };
		4F355C2F2C3899900049DBAB /* CalendarViewCoordinator.swift */ = {isa = PBXFileReference; lastKnownFileType = sourcecode.swift; path = CalendarViewCoordinator.swift; sourceTree = "<group>"; };
		4F355C312C3899B20049DBAB /* CalendarViewCoordinator+Ext.swift */ = {isa = PBXFileReference; lastKnownFileType = sourcecode.swift; path = "CalendarViewCoordinator+Ext.swift"; sourceTree = "<group>"; };
		4F355C332C389AA10049DBAB /* CalendarCollectionViewCell.swift */ = {isa = PBXFileReference; lastKnownFileType = sourcecode.swift; path = CalendarCollectionViewCell.swift; sourceTree = "<group>"; };
		4F355C352C389AB20049DBAB /* CalendarTableViewCell.swift */ = {isa = PBXFileReference; lastKnownFileType = sourcecode.swift; path = CalendarTableViewCell.swift; sourceTree = "<group>"; };
		4F355C372C389B300049DBAB /* StorageLogic.swift */ = {isa = PBXFileReference; lastKnownFileType = sourcecode.swift; path = StorageLogic.swift; sourceTree = "<group>"; };
		4F355C392C389B670049DBAB /* Category.swift */ = {isa = PBXFileReference; lastKnownFileType = sourcecode.swift; path = Category.swift; sourceTree = "<group>"; };
		4F60F9FB2C42B4FF00914854 /* DeadlineView.swift */ = {isa = PBXFileReference; lastKnownFileType = sourcecode.swift; path = DeadlineView.swift; sourceTree = "<group>"; };
		4F60F9FD2C42B55300914854 /* TextFieldView.swift */ = {isa = PBXFileReference; lastKnownFileType = sourcecode.swift; path = TextFieldView.swift; sourceTree = "<group>"; };
		4F60F9FF2C42B56F00914854 /* CategoryView.swift */ = {isa = PBXFileReference; lastKnownFileType = sourcecode.swift; path = CategoryView.swift; sourceTree = "<group>"; };
		4F60FA012C42B58200914854 /* ImportanceView.swift */ = {isa = PBXFileReference; lastKnownFileType = sourcecode.swift; path = ImportanceView.swift; sourceTree = "<group>"; };
		4F60FA032C42B5C200914854 /* DetailsViewModel.swift */ = {isa = PBXFileReference; lastKnownFileType = sourcecode.swift; path = DetailsViewModel.swift; sourceTree = "<group>"; };
		4F60FA052C42B64E00914854 /* LogFormatter.swift */ = {isa = PBXFileReference; lastKnownFileType = sourcecode.swift; path = LogFormatter.swift; sourceTree = "<group>"; };
		4F60FA072C42B6B800914854 /* URLSession+Ext.swift */ = {isa = PBXFileReference; lastKnownFileType = sourcecode.swift; path = "URLSession+Ext.swift"; sourceTree = "<group>"; };
		4F60FA092C42B71600914854 /* UINavigationController+Ext.swift */ = {isa = PBXFileReference; lastKnownFileType = sourcecode.swift; path = "UINavigationController+Ext.swift"; sourceTree = "<group>"; };
		4F60FA0B2C42BE9D00914854 /* ColorPickerView.swift */ = {isa = PBXFileReference; lastKnownFileType = sourcecode.swift; path = ColorPickerView.swift; sourceTree = "<group>"; };
		4F60FA272C4A83C300914854 /* YandexSMD_HW_UITests.swift */ = {isa = PBXFileReference; lastKnownFileType = sourcecode.swift; path = YandexSMD_HW_UITests.swift; sourceTree = "<group>"; };
		4F60FA292C4A843700914854 /* YandexSMD_HW_UITestsLaunchTests.swift */ = {isa = PBXFileReference; lastKnownFileType = sourcecode.swift; path = YandexSMD_HW_UITestsLaunchTests.swift; sourceTree = "<group>"; };
		4F60FA2B2C4A918800914854 /* AlertModifier.swift */ = {isa = PBXFileReference; lastKnownFileType = sourcecode.swift; path = AlertModifier.swift; sourceTree = "<group>"; };
		4F60FA2D2C4A921500914854 /* Constants.swift */ = {isa = PBXFileReference; lastKnownFileType = sourcecode.swift; path = Constants.swift; sourceTree = "<group>"; };
		4F60FA2F2C4A924200914854 /* MockTodoItems.swift */ = {isa = PBXFileReference; lastKnownFileType = sourcecode.swift; path = MockTodoItems.swift; sourceTree = "<group>"; };
		4F60FA312C4A930D00914854 /* AlertData.swift */ = {isa = PBXFileReference; lastKnownFileType = sourcecode.swift; path = AlertData.swift; sourceTree = "<group>"; };
		4F60FA342C4A93B700914854 /* NetworkingService.swift */ = {isa = PBXFileReference; lastKnownFileType = sourcecode.swift; path = NetworkingService.swift; sourceTree = "<group>"; };
		4F60FA362C4A93CA00914854 /* DefaultNetworkingService.swift */ = {isa = PBXFileReference; lastKnownFileType = sourcecode.swift; path = DefaultNetworkingService.swift; sourceTree = "<group>"; };
		4F60FA392C4A93EC00914854 /* NetworkingElement.swift */ = {isa = PBXFileReference; lastKnownFileType = sourcecode.swift; path = NetworkingElement.swift; sourceTree = "<group>"; };
		4F60FA3B2C4A93FC00914854 /* NetworkingItem.swift */ = {isa = PBXFileReference; lastKnownFileType = sourcecode.swift; path = NetworkingItem.swift; sourceTree = "<group>"; };
		4F60FA3D2C4A941000914854 /* NetworkingList.swift */ = {isa = PBXFileReference; lastKnownFileType = sourcecode.swift; path = NetworkingList.swift; sourceTree = "<group>"; };
		4F60FA3F2C4A942800914854 /* NetworkingErrors.swift */ = {isa = PBXFileReference; lastKnownFileType = sourcecode.swift; path = NetworkingErrors.swift; sourceTree = "<group>"; };
		4F60FA412C4A943800914854 /* Delay.swift */ = {isa = PBXFileReference; lastKnownFileType = sourcecode.swift; path = Delay.swift; sourceTree = "<group>"; };
		4F60FA432C4A946700914854 /* KeychainService.swift */ = {isa = PBXFileReference; lastKnownFileType = sourcecode.swift; path = KeychainService.swift; sourceTree = "<group>"; };
		4F60FA452C4AAC5C00914854 /* DataForParsing.swift */ = {isa = PBXFileReference; lastKnownFileType = sourcecode.swift; path = DataForParsing.swift; sourceTree = "<group>"; };
		4FCD79DF2C55097300E6A3A8 /* SQLFileCache.swift */ = {isa = PBXFileReference; lastKnownFileType = sourcecode.swift; path = SQLFileCache.swift; sourceTree = "<group>"; };
		4FCD79E12C55099000E6A3A8 /* SwiftDataFileCache.swift */ = {isa = PBXFileReference; lastKnownFileType = sourcecode.swift; path = SwiftDataFileCache.swift; sourceTree = "<group>"; };
		4FCD79E32C550A1B00E6A3A8 /* SwiftDataStorage.swift */ = {isa = PBXFileReference; lastKnownFileType = sourcecode.swift; path = SwiftDataStorage.swift; sourceTree = "<group>"; };
		4FCD79E82C550C3900E6A3A8 /* Reachability.swift */ = {isa = PBXFileReference; lastKnownFileType = sourcecode.swift; path = Reachability.swift; sourceTree = "<group>"; };
		4FDCD8732C25946100E6D5A3 /* YandexSMD_HW_Zheliba.app */ = {isa = PBXFileReference; explicitFileType = wrapper.application; includeInIndex = 0; path = YandexSMD_HW_Zheliba.app; sourceTree = BUILT_PRODUCTS_DIR; };
		4FDCD8762C25946100E6D5A3 /* YandexSMD_HW_ZhelibaApp.swift */ = {isa = PBXFileReference; lastKnownFileType = sourcecode.swift; path = YandexSMD_HW_ZhelibaApp.swift; sourceTree = "<group>"; };
		4FDCD8782C25946100E6D5A3 /* ContentView.swift */ = {isa = PBXFileReference; lastKnownFileType = sourcecode.swift; path = ContentView.swift; sourceTree = "<group>"; };
		4FDCD87A2C25946300E6D5A3 /* Assets.xcassets */ = {isa = PBXFileReference; lastKnownFileType = folder.assetcatalog; path = Assets.xcassets; sourceTree = "<group>"; };
		4FDCD87D2C25946300E6D5A3 /* Preview Assets.xcassets */ = {isa = PBXFileReference; lastKnownFileType = folder.assetcatalog; path = "Preview Assets.xcassets"; sourceTree = "<group>"; };
		4FDCD8872C259F0C00E6D5A3 /* TodoItemModel.swift */ = {isa = PBXFileReference; lastKnownFileType = sourcecode.swift; path = TodoItemModel.swift; sourceTree = "<group>"; };
		4FDCD88B2C25A0C200E6D5A3 /* FileCache.swift */ = {isa = PBXFileReference; lastKnownFileType = sourcecode.swift; path = FileCache.swift; sourceTree = "<group>"; };
		4FDCD8902C25A38100E6D5A3 /* XCTest.framework */ = {isa = PBXFileReference; lastKnownFileType = wrapper.framework; name = XCTest.framework; path = Platforms/iPhoneOS.platform/Developer/Library/Frameworks/XCTest.framework; sourceTree = DEVELOPER_DIR; };
		4FDCD89B2C25A57000E6D5A3 /* YandexSMD_HW_ZhelibaTests.xctest */ = {isa = PBXFileReference; explicitFileType = wrapper.cfbundle; includeInIndex = 0; path = YandexSMD_HW_ZhelibaTests.xctest; sourceTree = BUILT_PRODUCTS_DIR; };
		70D9544D07B52BFDF3774AAF /* Pods-YandexSMD_HW_ZhelibaTests.release.xcconfig */ = {isa = PBXFileReference; includeInIndex = 1; lastKnownFileType = text.xcconfig; name = "Pods-YandexSMD_HW_ZhelibaTests.release.xcconfig"; path = "Target Support Files/Pods-YandexSMD_HW_ZhelibaTests/Pods-YandexSMD_HW_ZhelibaTests.release.xcconfig"; sourceTree = "<group>"; };
		E6A4038D8BD44752ED71B4C5 /* Pods-YandexSMD_HW_Zheliba.debug.xcconfig */ = {isa = PBXFileReference; includeInIndex = 1; lastKnownFileType = text.xcconfig; name = "Pods-YandexSMD_HW_Zheliba.debug.xcconfig"; path = "Target Support Files/Pods-YandexSMD_HW_Zheliba/Pods-YandexSMD_HW_Zheliba.debug.xcconfig"; sourceTree = "<group>"; };
/* End PBXFileReference section */

/* Begin PBXFrameworksBuildPhase section */
		4FDCD8702C25946100E6D5A3 /* Frameworks */ = {
			isa = PBXFrameworksBuildPhase;
			buildActionMask = 2147483647;
			files = (
				4FCD79E72C550B9000E6A3A8 /* SQLite in Frameworks */,
				4FBF33CD2C429BF60045634F /* CocoaLumberjackSwift in Frameworks */,
				4FBF33CF2C429BF60045634F /* CocoaLumberjackSwiftLogBackend in Frameworks */,
				4FBF33CB2C429BF60045634F /* CocoaLumberjack in Frameworks */,
				359FFCBA175E2D77A26C390D /* Pods_YandexSMD_HW_Zheliba.framework in Frameworks */,
			);
			runOnlyForDeploymentPostprocessing = 0;
		};
		4FDCD8982C25A57000E6D5A3 /* Frameworks */ = {
			isa = PBXFrameworksBuildPhase;
			buildActionMask = 2147483647;
			files = (
				43F4DEB9500F0E93B8BD2C9F /* Pods_YandexSMD_HW_ZhelibaTests.framework in Frameworks */,
			);
			runOnlyForDeploymentPostprocessing = 0;
		};
/* End PBXFrameworksBuildPhase section */

/* Begin PBXGroup section */
		4F355BFA2C301C900049DBAB /* Helpers */ = {
			isa = PBXGroup;
			children = (
				4F355C142C301F260049DBAB /* ColorPicker.swift */,
				4F60FA2D2C4A921500914854 /* Constants.swift */,
				4F60FA2F2C4A924200914854 /* MockTodoItems.swift */,
				4F60FA452C4AAC5C00914854 /* DataForParsing.swift */,
			);
			path = Helpers;
			sourceTree = "<group>";
		};
		4F355C002C301CF60049DBAB /* FileCache */ = {
			isa = PBXGroup;
			children = (
				4FDCD88B2C25A0C200E6D5A3 /* FileCache.swift */,
				4FCD79DF2C55097300E6A3A8 /* SQLFileCache.swift */,
				4FCD79E12C55099000E6A3A8 /* SwiftDataFileCache.swift */,
			);
			path = FileCache;
			sourceTree = "<group>";
		};
		4F355C012C301D3F0049DBAB /* Model */ = {
			isa = PBXGroup;
			children = (
				4FDCD8872C259F0C00E6D5A3 /* TodoItemModel.swift */,
				4F355C022C301D990049DBAB /* Importants.swift */,
				4F355C392C389B670049DBAB /* Category.swift */,
				4F60FA312C4A930D00914854 /* AlertData.swift */,
			);
			path = Model;
			sourceTree = "<group>";
		};
		4F355C042C301E090049DBAB /* Extensions */ = {
			isa = PBXGroup;
			children = (
				4F60FA232C4A813800914854 /* SwiftUI */,
				4F60FA222C4A812B00914854 /* UIKit */,
				4F60FA212C4A811600914854 /* URLSession */,
				4F60FA242C4A817B00914854 /* Other */,
			);
			path = Extensions;
			sourceTree = "<group>";
		};
		4F355C092C301E8A0049DBAB /* Presentation */ = {
			isa = PBXGroup;
			children = (
				4F60FA122C4A79DB00914854 /* MainScreen */,
				4F60FA162C4A7A9700914854 /* DetailsScreen */,
				4F60FA1A2C4A7BDA00914854 /* CalendarScreen */,
				4F355C0A2C301EAD0049DBAB /* HelpModifiers */,
			);
			path = Presentation;
			sourceTree = "<group>";
		};
		4F355C0A2C301EAD0049DBAB /* HelpModifiers */ = {
			isa = PBXGroup;
			children = (
				4F355C0B2C301EC40049DBAB /* SheetModifier.swift */,
				4F355C0D2C301ECD0049DBAB /* ColorModifier.swift */,
				4F355C0F2C301ED50049DBAB /* TextFieldFrameModifier.swift */,
				4F355C2D2C3897FE0049DBAB /* KeyboardModifier.swift */,
				4F60FA2B2C4A918800914854 /* AlertModifier.swift */,
			);
			path = HelpModifiers;
			sourceTree = "<group>";
		};
		4F60FA122C4A79DB00914854 /* MainScreen */ = {
			isa = PBXGroup;
			children = (
				4F60FA132C4A7A1200914854 /* View */,
				4F60FA142C4A7A2300914854 /* ViewModel */,
				4F60FA152C4A7A6000914854 /* Components */,
			);
			path = MainScreen;
			sourceTree = "<group>";
		};
		4F60FA132C4A7A1200914854 /* View */ = {
			isa = PBXGroup;
			children = (
				4F355C172C301F630049DBAB /* MainView.swift */,
			);
			path = View;
			sourceTree = "<group>";
		};
		4F60FA142C4A7A2300914854 /* ViewModel */ = {
			isa = PBXGroup;
			children = (
				4F355BFC2C301CBD0049DBAB /* MainViewModel.swift */,
			);
			path = ViewModel;
			sourceTree = "<group>";
		};
		4F60FA152C4A7A6000914854 /* Components */ = {
			isa = PBXGroup;
			children = (
				4F355C122C301F120049DBAB /* TaskView.swift */,
			);
			path = Components;
			sourceTree = "<group>";
		};
		4F60FA162C4A7A9700914854 /* DetailsScreen */ = {
			isa = PBXGroup;
			children = (
				4F60FA182C4A7AC400914854 /* View */,
				4F60FA192C4A7ACA00914854 /* ViewModels */,
				4F60FA172C4A7ABC00914854 /* Components */,
			);
			path = DetailsScreen;
			sourceTree = "<group>";
		};
		4F60FA172C4A7ABC00914854 /* Components */ = {
			isa = PBXGroup;
			children = (
				4F60F9FB2C42B4FF00914854 /* DeadlineView.swift */,
				4F60F9FD2C42B55300914854 /* TextFieldView.swift */,
				4F60F9FF2C42B56F00914854 /* CategoryView.swift */,
				4F60FA012C42B58200914854 /* ImportanceView.swift */,
				4F60FA0B2C42BE9D00914854 /* ColorPickerView.swift */,
			);
			path = Components;
			sourceTree = "<group>";
		};
		4F60FA182C4A7AC400914854 /* View */ = {
			isa = PBXGroup;
			children = (
				4F355C192C301F730049DBAB /* DetailsView.swift */,
			);
			path = View;
			sourceTree = "<group>";
		};
		4F60FA192C4A7ACA00914854 /* ViewModels */ = {
			isa = PBXGroup;
			children = (
				4F60FA032C42B5C200914854 /* DetailsViewModel.swift */,
			);
			path = ViewModels;
			sourceTree = "<group>";
		};
		4F60FA1A2C4A7BDA00914854 /* CalendarScreen */ = {
			isa = PBXGroup;
			children = (
				4F60FA1D2C4A7C4B00914854 /* View */,
				4F60FA1C2C4A7C4400914854 /* Coordinator */,
				4F60FA1B2C4A7C3B00914854 /* Components */,
			);
			path = CalendarScreen;
			sourceTree = "<group>";
		};
		4F60FA1B2C4A7C3B00914854 /* Components */ = {
			isa = PBXGroup;
			children = (
				4F355C332C389AA10049DBAB /* CalendarCollectionViewCell.swift */,
				4F355C352C389AB20049DBAB /* CalendarTableViewCell.swift */,
			);
			path = Components;
			sourceTree = "<group>";
		};
		4F60FA1C2C4A7C4400914854 /* Coordinator */ = {
			isa = PBXGroup;
			children = (
				4F355C2F2C3899900049DBAB /* CalendarViewCoordinator.swift */,
				4F355C312C3899B20049DBAB /* CalendarViewCoordinator+Ext.swift */,
			);
			path = Coordinator;
			sourceTree = "<group>";
		};
		4F60FA1D2C4A7C4B00914854 /* View */ = {
			isa = PBXGroup;
			children = (
				4F355C272C3897520049DBAB /* CalendarView.swift */,
			);
			path = View;
			sourceTree = "<group>";
		};
		4F60FA1E2C4A7D3800914854 /* Services */ = {
			isa = PBXGroup;
			children = (
				4F60FA332C4A936800914854 /* Networking */,
				4F355C042C301E090049DBAB /* Extensions */,
				4F355C012C301D3F0049DBAB /* Model */,
				4F355C002C301CF60049DBAB /* FileCache */,
				4F60FA252C4A81E300914854 /* CommonLogic */,
				4F60FA1F2C4A7FE500914854 /* Logger */,
				4F355BFA2C301C900049DBAB /* Helpers */,
			);
			path = Services;
			sourceTree = "<group>";
		};
		4F60FA1F2C4A7FE500914854 /* Logger */ = {
			isa = PBXGroup;
			children = (
				4F60FA052C42B64E00914854 /* LogFormatter.swift */,
			);
			path = Logger;
			sourceTree = "<group>";
		};
		4F60FA212C4A811600914854 /* URLSession */ = {
			isa = PBXGroup;
			children = (
				4F60FA072C42B6B800914854 /* URLSession+Ext.swift */,
			);
			path = URLSession;
			sourceTree = "<group>";
		};
		4F60FA222C4A812B00914854 /* UIKit */ = {
			isa = PBXGroup;
			children = (
				4F355C052C301E4F0049DBAB /* Color+Ext.swift */,
				4F355C292C3897BF0049DBAB /* UIView+Ext.swift */,
				4F355C2B2C3897D70049DBAB /* UIImage+Ext.swift */,
				4F60FA092C42B71600914854 /* UINavigationController+Ext.swift */,
			);
			path = UIKit;
			sourceTree = "<group>";
		};
		4F60FA232C4A813800914854 /* SwiftUI */ = {
			isa = PBXGroup;
			children = (
				4F355C1B2C3020480049DBAB /* UIApplication+Ext.swift */,
			);
			path = SwiftUI;
			sourceTree = "<group>";
		};
		4F60FA242C4A817B00914854 /* Other */ = {
			isa = PBXGroup;
			children = (
				4F355C072C301E690049DBAB /* Date+Ext.swift */,
				4F355C1F2C3020B10049DBAB /* CaseIterable.swift */,
			);
			path = Other;
			sourceTree = "<group>";
		};
		4F60FA252C4A81E300914854 /* CommonLogic */ = {
			isa = PBXGroup;
			children = (
				4F355BFE2C301CE10049DBAB /* ModalState.swift */,
				4F355C372C389B300049DBAB /* StorageLogic.swift */,
				4FCD79E32C550A1B00E6A3A8 /* SwiftDataStorage.swift */,
				4FCD79E82C550C3900E6A3A8 /* Reachability.swift */,
			);
			path = CommonLogic;
			sourceTree = "<group>";
		};
		4F60FA262C4A837600914854 /* YandexSMD_HW_ZhelibaUITests */ = {
			isa = PBXGroup;
			children = (
				4F60FA272C4A83C300914854 /* YandexSMD_HW_UITests.swift */,
				4F60FA292C4A843700914854 /* YandexSMD_HW_UITestsLaunchTests.swift */,
			);
			path = YandexSMD_HW_ZhelibaUITests;
			sourceTree = "<group>";
		};
		4F60FA332C4A936800914854 /* Networking */ = {
			isa = PBXGroup;
			children = (
				4F60FA382C4A93DF00914854 /* Models */,
				4F60FA342C4A93B700914854 /* NetworkingService.swift */,
				4F60FA362C4A93CA00914854 /* DefaultNetworkingService.swift */,
				4F60FA432C4A946700914854 /* KeychainService.swift */,
			);
			path = Networking;
			sourceTree = "<group>";
		};
		4F60FA382C4A93DF00914854 /* Models */ = {
			isa = PBXGroup;
			children = (
				4F60FA392C4A93EC00914854 /* NetworkingElement.swift */,
				4F60FA3B2C4A93FC00914854 /* NetworkingItem.swift */,
				4F60FA3D2C4A941000914854 /* NetworkingList.swift */,
				4F60FA3F2C4A942800914854 /* NetworkingErrors.swift */,
				4F60FA412C4A943800914854 /* Delay.swift */,
			);
			path = Models;
			sourceTree = "<group>";
		};
		4FDCD86A2C25946100E6D5A3 = {
			isa = PBXGroup;
			children = (
				4FDCD8752C25946100E6D5A3 /* YandexSMD_HW_Zheliba */,
				4FDCD89C2C25A57000E6D5A3 /* YandexSMD_HW_ZhelibaTests */,
				4F60FA262C4A837600914854 /* YandexSMD_HW_ZhelibaUITests */,
				4FDCD8742C25946100E6D5A3 /* Products */,
				4FDCD88F2C25A38100E6D5A3 /* Frameworks */,
				9E16D84B14EA5FC79659E816 /* Pods */,
			);
			sourceTree = "<group>";
		};
		4FDCD8742C25946100E6D5A3 /* Products */ = {
			isa = PBXGroup;
			children = (
				4FDCD8732C25946100E6D5A3 /* YandexSMD_HW_Zheliba.app */,
				4FDCD89B2C25A57000E6D5A3 /* YandexSMD_HW_ZhelibaTests.xctest */,
			);
			name = Products;
			sourceTree = "<group>";
		};
		4FDCD8752C25946100E6D5A3 /* YandexSMD_HW_Zheliba */ = {
			isa = PBXGroup;
			children = (
				4F355C092C301E8A0049DBAB /* Presentation */,
				4F60FA1E2C4A7D3800914854 /* Services */,
				4FDCD8762C25946100E6D5A3 /* YandexSMD_HW_ZhelibaApp.swift */,
				4FDCD8782C25946100E6D5A3 /* ContentView.swift */,
				4FDCD87A2C25946300E6D5A3 /* Assets.xcassets */,
				4FDCD87C2C25946300E6D5A3 /* Preview Content */,
			);
			path = YandexSMD_HW_Zheliba;
			sourceTree = "<group>";
		};
		4FDCD87C2C25946300E6D5A3 /* Preview Content */ = {
			isa = PBXGroup;
			children = (
				4FDCD87D2C25946300E6D5A3 /* Preview Assets.xcassets */,
			);
			path = "Preview Content";
			sourceTree = "<group>";
		};
		4FDCD88F2C25A38100E6D5A3 /* Frameworks */ = {
			isa = PBXGroup;
			children = (
				4FDCD8902C25A38100E6D5A3 /* XCTest.framework */,
				3829DC31E6CF1EE4C461494A /* Pods_YandexSMD_HW_Zheliba.framework */,
				34A6B776238C67552CBF053D /* Pods_YandexSMD_HW_ZhelibaTests.framework */,
			);
			name = Frameworks;
			sourceTree = "<group>";
		};
		4FDCD89C2C25A57000E6D5A3 /* YandexSMD_HW_ZhelibaTests */ = {
			isa = PBXGroup;
			children = (
				4F355C212C3026140049DBAB /* ToDoList_iosCSVTests.swift */,
				4F355C252C3026F30049DBAB /* YandexSMD_HW_ZhelibaJsonTests.swift */,
			);
			path = YandexSMD_HW_ZhelibaTests;
			sourceTree = "<group>";
		};
		9E16D84B14EA5FC79659E816 /* Pods */ = {
			isa = PBXGroup;
			children = (
				E6A4038D8BD44752ED71B4C5 /* Pods-YandexSMD_HW_Zheliba.debug.xcconfig */,
				375C7DC9A05A8C749398D2C9 /* Pods-YandexSMD_HW_Zheliba.release.xcconfig */,
				12249285C880633B7A5AF6F8 /* Pods-YandexSMD_HW_ZhelibaTests.debug.xcconfig */,
				70D9544D07B52BFDF3774AAF /* Pods-YandexSMD_HW_ZhelibaTests.release.xcconfig */,
			);
			path = Pods;
			sourceTree = "<group>";
		};
/* End PBXGroup section */

/* Begin PBXNativeTarget section */
		4FDCD8722C25946100E6D5A3 /* YandexSMD_HW_Zheliba */ = {
			isa = PBXNativeTarget;
			buildConfigurationList = 4FDCD8812C25946300E6D5A3 /* Build configuration list for PBXNativeTarget "YandexSMD_HW_Zheliba" */;
			buildPhases = (
				3671F369E53E89C59006D74E /* [CP] Check Pods Manifest.lock */,
				4FDCD86F2C25946100E6D5A3 /* Sources */,
				4FDCD8702C25946100E6D5A3 /* Frameworks */,
				4FDCD8712C25946100E6D5A3 /* Resources */,
				4F60FA0F2C49772300914854 /* Linter */,
			);
			buildRules = (
			);
			dependencies = (
			);
			name = YandexSMD_HW_Zheliba;
			packageProductDependencies = (
				4FBF33CA2C429BF60045634F /* CocoaLumberjack */,
				4FBF33CC2C429BF60045634F /* CocoaLumberjackSwift */,
				4FBF33CE2C429BF60045634F /* CocoaLumberjackSwiftLogBackend */,
				4FCD79E62C550B9000E6A3A8 /* SQLite */,
			);
			productName = YandexSMD_HW_Zheliba;
			productReference = 4FDCD8732C25946100E6D5A3 /* YandexSMD_HW_Zheliba.app */;
			productType = "com.apple.product-type.application";
		};
		4FDCD89A2C25A57000E6D5A3 /* YandexSMD_HW_ZhelibaTests */ = {
			isa = PBXNativeTarget;
			buildConfigurationList = 4FDCD8A12C25A57000E6D5A3 /* Build configuration list for PBXNativeTarget "YandexSMD_HW_ZhelibaTests" */;
			buildPhases = (
				5445317413914BC5AE8D38CB /* [CP] Check Pods Manifest.lock */,
				4FDCD8972C25A57000E6D5A3 /* Sources */,
				4FDCD8982C25A57000E6D5A3 /* Frameworks */,
				4FDCD8992C25A57000E6D5A3 /* Resources */,
			);
			buildRules = (
			);
			dependencies = (
				4FDCD8A02C25A57000E6D5A3 /* PBXTargetDependency */,
			);
			name = YandexSMD_HW_ZhelibaTests;
			productName = YandexSMD_HW_ZhelibaTests;
			productReference = 4FDCD89B2C25A57000E6D5A3 /* YandexSMD_HW_ZhelibaTests.xctest */;
			productType = "com.apple.product-type.bundle.unit-test";
		};
/* End PBXNativeTarget section */

/* Begin PBXProject section */
		4FDCD86B2C25946100E6D5A3 /* Project object */ = {
			isa = PBXProject;
			attributes = {
				BuildIndependentTargetsInParallel = 1;
				LastSwiftUpdateCheck = 1530;
				LastUpgradeCheck = 1530;
				TargetAttributes = {
					4FDCD8722C25946100E6D5A3 = {
						CreatedOnToolsVersion = 15.3;
					};
					4FDCD89A2C25A57000E6D5A3 = {
						CreatedOnToolsVersion = 15.3;
						LastSwiftMigration = 1530;
						TestTargetID = 4FDCD8722C25946100E6D5A3;
					};
				};
			};
			buildConfigurationList = 4FDCD86E2C25946100E6D5A3 /* Build configuration list for PBXProject "YandexSMD_HW_Zheliba" */;
			compatibilityVersion = "Xcode 14.0";
			developmentRegion = en;
			hasScannedForEncodings = 0;
			knownRegions = (
				en,
				Base,
			);
			mainGroup = 4FDCD86A2C25946100E6D5A3;
			packageReferences = (
				4FBF33C92C429BF60045634F /* XCRemoteSwiftPackageReference "CocoaLumberjack" */,
				4FCD79E52C550ADD00E6A3A8 /* XCRemoteSwiftPackageReference "SQLite" */,
			);
			productRefGroup = 4FDCD8742C25946100E6D5A3 /* Products */;
			projectDirPath = "";
			projectRoot = "";
			targets = (
				4FDCD8722C25946100E6D5A3 /* YandexSMD_HW_Zheliba */,
				4FDCD89A2C25A57000E6D5A3 /* YandexSMD_HW_ZhelibaTests */,
			);
		};
/* End PBXProject section */

/* Begin PBXResourcesBuildPhase section */
		4FDCD8712C25946100E6D5A3 /* Resources */ = {
			isa = PBXResourcesBuildPhase;
			buildActionMask = 2147483647;
			files = (
				4FDCD87E2C25946300E6D5A3 /* Preview Assets.xcassets in Resources */,
				4FDCD87B2C25946300E6D5A3 /* Assets.xcassets in Resources */,
			);
			runOnlyForDeploymentPostprocessing = 0;
		};
		4FDCD8992C25A57000E6D5A3 /* Resources */ = {
			isa = PBXResourcesBuildPhase;
			buildActionMask = 2147483647;
			files = (
			);
			runOnlyForDeploymentPostprocessing = 0;
		};
/* End PBXResourcesBuildPhase section */

/* Begin PBXShellScriptBuildPhase section */
		3671F369E53E89C59006D74E /* [CP] Check Pods Manifest.lock */ = {
			isa = PBXShellScriptBuildPhase;
			buildActionMask = 2147483647;
			files = (
			);
			inputFileListPaths = (
			);
			inputPaths = (
				"${PODS_PODFILE_DIR_PATH}/Podfile.lock",
				"${PODS_ROOT}/Manifest.lock",
			);
			name = "[CP] Check Pods Manifest.lock";
			outputFileListPaths = (
			);
			outputPaths = (
				"$(DERIVED_FILE_DIR)/Pods-YandexSMD_HW_Zheliba-checkManifestLockResult.txt",
			);
			runOnlyForDeploymentPostprocessing = 0;
			shellPath = /bin/sh;
			shellScript = "diff \"${PODS_PODFILE_DIR_PATH}/Podfile.lock\" \"${PODS_ROOT}/Manifest.lock\" > /dev/null\nif [ $? != 0 ] ; then\n    # print error to STDERR\n    echo \"error: The sandbox is not in sync with the Podfile.lock. Run 'pod install' or update your CocoaPods installation.\" >&2\n    exit 1\nfi\n# This output is used by Xcode 'outputs' to avoid re-running this script phase.\necho \"SUCCESS\" > \"${SCRIPT_OUTPUT_FILE_0}\"\n";
			showEnvVarsInLog = 0;
		};
		4F60FA0F2C49772300914854 /* Linter */ = {
			isa = PBXShellScriptBuildPhase;
			buildActionMask = 2147483647;
			files = (
			);
			inputFileListPaths = (
			);
			inputPaths = (
			);
			name = Linter;
			outputFileListPaths = (
			);
			outputPaths = (
				"${SRCROOT}/swiftlint.result",
			);
			runOnlyForDeploymentPostprocessing = 0;
			shellPath = /bin/sh;
			shellScript = "if [ -f \"$PODS_ROOT/SwiftLint/swiftlint\" ]; then\n  $PODS_ROOT/SwiftLint/swiftlint\nelse\n  echo \"error: SwiftLint does not exist, download it from https://github.com/realm/SwiftLint\"\n  exit 1\nfi\n";
		};
		5445317413914BC5AE8D38CB /* [CP] Check Pods Manifest.lock */ = {
			isa = PBXShellScriptBuildPhase;
			buildActionMask = 2147483647;
			files = (
			);
			inputFileListPaths = (
			);
			inputPaths = (
				"${PODS_PODFILE_DIR_PATH}/Podfile.lock",
				"${PODS_ROOT}/Manifest.lock",
			);
			name = "[CP] Check Pods Manifest.lock";
			outputFileListPaths = (
			);
			outputPaths = (
				"$(DERIVED_FILE_DIR)/Pods-YandexSMD_HW_ZhelibaTests-checkManifestLockResult.txt",
			);
			runOnlyForDeploymentPostprocessing = 0;
			shellPath = /bin/sh;
			shellScript = "diff \"${PODS_PODFILE_DIR_PATH}/Podfile.lock\" \"${PODS_ROOT}/Manifest.lock\" > /dev/null\nif [ $? != 0 ] ; then\n    # print error to STDERR\n    echo \"error: The sandbox is not in sync with the Podfile.lock. Run 'pod install' or update your CocoaPods installation.\" >&2\n    exit 1\nfi\n# This output is used by Xcode 'outputs' to avoid re-running this script phase.\necho \"SUCCESS\" > \"${SCRIPT_OUTPUT_FILE_0}\"\n";
			showEnvVarsInLog = 0;
		};
/* End PBXShellScriptBuildPhase section */

/* Begin PBXSourcesBuildPhase section */
		4FDCD86F2C25946100E6D5A3 /* Sources */ = {
			isa = PBXSourcesBuildPhase;
			buildActionMask = 2147483647;
			files = (
				4F60FA3A2C4A93EC00914854 /* NetworkingElement.swift in Sources */,
				4F355C2C2C3897D70049DBAB /* UIImage+Ext.swift in Sources */,
				4F355C0E2C301ECD0049DBAB /* ColorModifier.swift in Sources */,
				4F355C132C301F120049DBAB /* TaskView.swift in Sources */,
				4FCD79E42C550A1B00E6A3A8 /* SwiftDataStorage.swift in Sources */,
				4F355C152C301F260049DBAB /* ColorPicker.swift in Sources */,
				4F355C102C301ED50049DBAB /* TextFieldFrameModifier.swift in Sources */,
				4F60FA462C4AAC5C00914854 /* DataForParsing.swift in Sources */,
				4F355C362C389AB20049DBAB /* CalendarTableViewCell.swift in Sources */,
				4F355C202C3020B10049DBAB /* CaseIterable.swift in Sources */,
				4F355C382C389B300049DBAB /* StorageLogic.swift in Sources */,
				4F60FA3E2C4A941000914854 /* NetworkingList.swift in Sources */,
				4FDCD8792C25946100E6D5A3 /* ContentView.swift in Sources */,
				4F60FA442C4A946700914854 /* KeychainService.swift in Sources */,
				4F355C2E2C3897FE0049DBAB /* KeyboardModifier.swift in Sources */,
				4F60FA402C4A942800914854 /* NetworkingErrors.swift in Sources */,
				4F355C062C301E4F0049DBAB /* Color+Ext.swift in Sources */,
				4F355C0C2C301EC40049DBAB /* SheetModifier.swift in Sources */,
				4FDCD8882C259F0C00E6D5A3 /* TodoItemModel.swift in Sources */,
				4F355C322C3899B20049DBAB /* CalendarViewCoordinator+Ext.swift in Sources */,
				4F60FA082C42B6B800914854 /* URLSession+Ext.swift in Sources */,
				4F355C182C301F630049DBAB /* MainView.swift in Sources */,
				4F60FA302C4A924200914854 /* MockTodoItems.swift in Sources */,
				4FDCD88C2C25A0C200E6D5A3 /* FileCache.swift in Sources */,
				4F60FA422C4A943800914854 /* Delay.swift in Sources */,
				4F355C342C389AA10049DBAB /* CalendarCollectionViewCell.swift in Sources */,
				4F355C032C301D990049DBAB /* Importants.swift in Sources */,
				4F60FA322C4A930D00914854 /* AlertData.swift in Sources */,
				4F355C2A2C3897BF0049DBAB /* UIView+Ext.swift in Sources */,
				4F60FA2E2C4A921500914854 /* Constants.swift in Sources */,
				4F355C282C3897520049DBAB /* CalendarView.swift in Sources */,
				4F60FA2C2C4A918800914854 /* AlertModifier.swift in Sources */,
				4FCD79E92C550C3900E6A3A8 /* Reachability.swift in Sources */,
				4FDCD8772C25946100E6D5A3 /* YandexSMD_HW_ZhelibaApp.swift in Sources */,
				4FCD79E02C55097300E6A3A8 /* SQLFileCache.swift in Sources */,
				4F60F9FC2C42B4FF00914854 /* DeadlineView.swift in Sources */,
				4F355C302C3899900049DBAB /* CalendarViewCoordinator.swift in Sources */,
				4F355BFF2C301CE10049DBAB /* ModalState.swift in Sources */,
				4F60FA372C4A93CA00914854 /* DefaultNetworkingService.swift in Sources */,
				4F60FA002C42B56F00914854 /* CategoryView.swift in Sources */,
				4F60FA0C2C42BE9D00914854 /* ColorPickerView.swift in Sources */,
				4F355C1A2C301F730049DBAB /* DetailsView.swift in Sources */,
				4F355BFD2C301CBD0049DBAB /* MainViewModel.swift in Sources */,
				4F60FA352C4A93B700914854 /* NetworkingService.swift in Sources */,
				4F60F9FE2C42B55300914854 /* TextFieldView.swift in Sources */,
				4F60FA022C42B58200914854 /* ImportanceView.swift in Sources */,
				4F60FA042C42B5C200914854 /* DetailsViewModel.swift in Sources */,
				4F60FA3C2C4A93FC00914854 /* NetworkingItem.swift in Sources */,
				4F355C1C2C3020480049DBAB /* UIApplication+Ext.swift in Sources */,
				4F60FA062C42B64E00914854 /* LogFormatter.swift in Sources */,
				4F60FA0A2C42B71600914854 /* UINavigationController+Ext.swift in Sources */,
				4F355C082C301E690049DBAB /* Date+Ext.swift in Sources */,
				4FCD79E22C55099000E6A3A8 /* SwiftDataFileCache.swift in Sources */,
				4F355C3A2C389B670049DBAB /* Category.swift in Sources */,
			);
			runOnlyForDeploymentPostprocessing = 0;
		};
		4FDCD8972C25A57000E6D5A3 /* Sources */ = {
			isa = PBXSourcesBuildPhase;
			buildActionMask = 2147483647;
			files = (
				4F60FA282C4A83C300914854 /* YandexSMD_HW_UITests.swift in Sources */,
				4F60FA2A2C4A843700914854 /* YandexSMD_HW_UITestsLaunchTests.swift in Sources */,
				4F355C262C3026F30049DBAB /* YandexSMD_HW_ZhelibaJsonTests.swift in Sources */,
				4F355C222C3026140049DBAB /* ToDoList_iosCSVTests.swift in Sources */,
			);
			runOnlyForDeploymentPostprocessing = 0;
		};
/* End PBXSourcesBuildPhase section */

/* Begin PBXTargetDependency section */
		4FDCD8A02C25A57000E6D5A3 /* PBXTargetDependency */ = {
			isa = PBXTargetDependency;
			target = 4FDCD8722C25946100E6D5A3 /* YandexSMD_HW_Zheliba */;
			targetProxy = 4FDCD89F2C25A57000E6D5A3 /* PBXContainerItemProxy */;
		};
/* End PBXTargetDependency section */

/* Begin XCBuildConfiguration section */
		4FDCD87F2C25946300E6D5A3 /* Debug */ = {
			isa = XCBuildConfiguration;
			buildSettings = {
				ALWAYS_SEARCH_USER_PATHS = NO;
				ASSETCATALOG_COMPILER_GENERATE_SWIFT_ASSET_SYMBOL_EXTENSIONS = YES;
				CLANG_ANALYZER_NONNULL = YES;
				CLANG_ANALYZER_NUMBER_OBJECT_CONVERSION = YES_AGGRESSIVE;
				CLANG_CXX_LANGUAGE_STANDARD = "gnu++20";
				CLANG_ENABLE_MODULES = YES;
				CLANG_ENABLE_OBJC_ARC = YES;
				CLANG_ENABLE_OBJC_WEAK = YES;
				CLANG_WARN_BLOCK_CAPTURE_AUTORELEASING = YES;
				CLANG_WARN_BOOL_CONVERSION = YES;
				CLANG_WARN_COMMA = YES;
				CLANG_WARN_CONSTANT_CONVERSION = YES;
				CLANG_WARN_DEPRECATED_OBJC_IMPLEMENTATIONS = YES;
				CLANG_WARN_DIRECT_OBJC_ISA_USAGE = YES_ERROR;
				CLANG_WARN_DOCUMENTATION_COMMENTS = YES;
				CLANG_WARN_EMPTY_BODY = YES;
				CLANG_WARN_ENUM_CONVERSION = YES;
				CLANG_WARN_INFINITE_RECURSION = YES;
				CLANG_WARN_INT_CONVERSION = YES;
				CLANG_WARN_NON_LITERAL_NULL_CONVERSION = YES;
				CLANG_WARN_OBJC_IMPLICIT_RETAIN_SELF = YES;
				CLANG_WARN_OBJC_LITERAL_CONVERSION = YES;
				CLANG_WARN_OBJC_ROOT_CLASS = YES_ERROR;
				CLANG_WARN_QUOTED_INCLUDE_IN_FRAMEWORK_HEADER = YES;
				CLANG_WARN_RANGE_LOOP_ANALYSIS = YES;
				CLANG_WARN_STRICT_PROTOTYPES = YES;
				CLANG_WARN_SUSPICIOUS_MOVE = YES;
				CLANG_WARN_UNGUARDED_AVAILABILITY = YES_AGGRESSIVE;
				CLANG_WARN_UNREACHABLE_CODE = YES;
				CLANG_WARN__DUPLICATE_METHOD_MATCH = YES;
				COPY_PHASE_STRIP = NO;
				DEBUG_INFORMATION_FORMAT = dwarf;
				ENABLE_STRICT_OBJC_MSGSEND = YES;
				ENABLE_TESTABILITY = YES;
				ENABLE_USER_SCRIPT_SANDBOXING = NO;
				GCC_C_LANGUAGE_STANDARD = gnu17;
				GCC_DYNAMIC_NO_PIC = NO;
				GCC_NO_COMMON_BLOCKS = YES;
				GCC_OPTIMIZATION_LEVEL = 0;
				GCC_PREPROCESSOR_DEFINITIONS = (
					"DEBUG=1",
					"$(inherited)",
				);
				GCC_WARN_64_TO_32_BIT_CONVERSION = YES;
				GCC_WARN_ABOUT_RETURN_TYPE = YES_ERROR;
				GCC_WARN_UNDECLARED_SELECTOR = YES;
				GCC_WARN_UNINITIALIZED_AUTOS = YES_AGGRESSIVE;
				GCC_WARN_UNUSED_FUNCTION = YES;
				GCC_WARN_UNUSED_VARIABLE = YES;
				IPHONEOS_DEPLOYMENT_TARGET = 17.4;
				LOCALIZATION_PREFERS_STRING_CATALOGS = YES;
				MTL_ENABLE_DEBUG_INFO = INCLUDE_SOURCE;
				MTL_FAST_MATH = YES;
				ONLY_ACTIVE_ARCH = YES;
				SDKROOT = iphoneos;
				SWIFT_ACTIVE_COMPILATION_CONDITIONS = "DEBUG $(inherited)";
				SWIFT_OPTIMIZATION_LEVEL = "-Onone";
			};
			name = Debug;
		};
		4FDCD8802C25946300E6D5A3 /* Release */ = {
			isa = XCBuildConfiguration;
			buildSettings = {
				ALWAYS_SEARCH_USER_PATHS = NO;
				ASSETCATALOG_COMPILER_GENERATE_SWIFT_ASSET_SYMBOL_EXTENSIONS = YES;
				CLANG_ANALYZER_NONNULL = YES;
				CLANG_ANALYZER_NUMBER_OBJECT_CONVERSION = YES_AGGRESSIVE;
				CLANG_CXX_LANGUAGE_STANDARD = "gnu++20";
				CLANG_ENABLE_MODULES = YES;
				CLANG_ENABLE_OBJC_ARC = YES;
				CLANG_ENABLE_OBJC_WEAK = YES;
				CLANG_WARN_BLOCK_CAPTURE_AUTORELEASING = YES;
				CLANG_WARN_BOOL_CONVERSION = YES;
				CLANG_WARN_COMMA = YES;
				CLANG_WARN_CONSTANT_CONVERSION = YES;
				CLANG_WARN_DEPRECATED_OBJC_IMPLEMENTATIONS = YES;
				CLANG_WARN_DIRECT_OBJC_ISA_USAGE = YES_ERROR;
				CLANG_WARN_DOCUMENTATION_COMMENTS = YES;
				CLANG_WARN_EMPTY_BODY = YES;
				CLANG_WARN_ENUM_CONVERSION = YES;
				CLANG_WARN_INFINITE_RECURSION = YES;
				CLANG_WARN_INT_CONVERSION = YES;
				CLANG_WARN_NON_LITERAL_NULL_CONVERSION = YES;
				CLANG_WARN_OBJC_IMPLICIT_RETAIN_SELF = YES;
				CLANG_WARN_OBJC_LITERAL_CONVERSION = YES;
				CLANG_WARN_OBJC_ROOT_CLASS = YES_ERROR;
				CLANG_WARN_QUOTED_INCLUDE_IN_FRAMEWORK_HEADER = YES;
				CLANG_WARN_RANGE_LOOP_ANALYSIS = YES;
				CLANG_WARN_STRICT_PROTOTYPES = YES;
				CLANG_WARN_SUSPICIOUS_MOVE = YES;
				CLANG_WARN_UNGUARDED_AVAILABILITY = YES_AGGRESSIVE;
				CLANG_WARN_UNREACHABLE_CODE = YES;
				CLANG_WARN__DUPLICATE_METHOD_MATCH = YES;
				COPY_PHASE_STRIP = NO;
				DEBUG_INFORMATION_FORMAT = "dwarf-with-dsym";
				ENABLE_NS_ASSERTIONS = NO;
				ENABLE_STRICT_OBJC_MSGSEND = YES;
				ENABLE_USER_SCRIPT_SANDBOXING = NO;
				GCC_C_LANGUAGE_STANDARD = gnu17;
				GCC_NO_COMMON_BLOCKS = YES;
				GCC_WARN_64_TO_32_BIT_CONVERSION = YES;
				GCC_WARN_ABOUT_RETURN_TYPE = YES_ERROR;
				GCC_WARN_UNDECLARED_SELECTOR = YES;
				GCC_WARN_UNINITIALIZED_AUTOS = YES_AGGRESSIVE;
				GCC_WARN_UNUSED_FUNCTION = YES;
				GCC_WARN_UNUSED_VARIABLE = YES;
				IPHONEOS_DEPLOYMENT_TARGET = 17.4;
				LOCALIZATION_PREFERS_STRING_CATALOGS = YES;
				MTL_ENABLE_DEBUG_INFO = NO;
				MTL_FAST_MATH = YES;
				SDKROOT = iphoneos;
				SWIFT_COMPILATION_MODE = wholemodule;
				VALIDATE_PRODUCT = YES;
			};
			name = Release;
		};
		4FDCD8822C25946300E6D5A3 /* Debug */ = {
			isa = XCBuildConfiguration;
			baseConfigurationReference = E6A4038D8BD44752ED71B4C5 /* Pods-YandexSMD_HW_Zheliba.debug.xcconfig */;
			buildSettings = {
				ASSETCATALOG_COMPILER_APPICON_NAME = AppIcon;
				ASSETCATALOG_COMPILER_GLOBAL_ACCENT_COLOR_NAME = AccentColor;
				CODE_SIGN_STYLE = Automatic;
				CURRENT_PROJECT_VERSION = 1;
				DEVELOPMENT_ASSET_PATHS = "\"YandexSMD_HW_Zheliba/Preview Content\"";
				DEVELOPMENT_TEAM = 83DBFM2KCW;
				ENABLE_PREVIEWS = YES;
				GENERATE_INFOPLIST_FILE = YES;
				INFOPLIST_KEY_UIApplicationSceneManifest_Generation = YES;
				INFOPLIST_KEY_UIApplicationSupportsIndirectInputEvents = YES;
				INFOPLIST_KEY_UILaunchScreen_Generation = YES;
				INFOPLIST_KEY_UISupportedInterfaceOrientations_iPad = "UIInterfaceOrientationPortrait UIInterfaceOrientationPortraitUpsideDown UIInterfaceOrientationLandscapeLeft UIInterfaceOrientationLandscapeRight";
				INFOPLIST_KEY_UISupportedInterfaceOrientations_iPhone = "UIInterfaceOrientationPortrait UIInterfaceOrientationLandscapeLeft UIInterfaceOrientationLandscapeRight";
				LD_RUNPATH_SEARCH_PATHS = (
					"$(inherited)",
					"@executable_path/Frameworks",
				);
				MARKETING_VERSION = 1.0;
				PRODUCT_BUNDLE_IDENTIFIER = "YandexSMD-HW-Zheliba";
				PRODUCT_NAME = "$(TARGET_NAME)";
				SWIFT_EMIT_LOC_STRINGS = YES;
				SWIFT_STRICT_CONCURRENCY = complete;
				SWIFT_VERSION = 5.0;
				TARGETED_DEVICE_FAMILY = "1,2";
			};
			name = Debug;
		};
		4FDCD8832C25946300E6D5A3 /* Release */ = {
			isa = XCBuildConfiguration;
			baseConfigurationReference = 375C7DC9A05A8C749398D2C9 /* Pods-YandexSMD_HW_Zheliba.release.xcconfig */;
			buildSettings = {
				ASSETCATALOG_COMPILER_APPICON_NAME = AppIcon;
				ASSETCATALOG_COMPILER_GLOBAL_ACCENT_COLOR_NAME = AccentColor;
				CODE_SIGN_STYLE = Automatic;
				CURRENT_PROJECT_VERSION = 1;
				DEVELOPMENT_ASSET_PATHS = "\"YandexSMD_HW_Zheliba/Preview Content\"";
				DEVELOPMENT_TEAM = 83DBFM2KCW;
				ENABLE_PREVIEWS = YES;
				GENERATE_INFOPLIST_FILE = YES;
				INFOPLIST_KEY_UIApplicationSceneManifest_Generation = YES;
				INFOPLIST_KEY_UIApplicationSupportsIndirectInputEvents = YES;
				INFOPLIST_KEY_UILaunchScreen_Generation = YES;
				INFOPLIST_KEY_UISupportedInterfaceOrientations_iPad = "UIInterfaceOrientationPortrait UIInterfaceOrientationPortraitUpsideDown UIInterfaceOrientationLandscapeLeft UIInterfaceOrientationLandscapeRight";
				INFOPLIST_KEY_UISupportedInterfaceOrientations_iPhone = "UIInterfaceOrientationPortrait UIInterfaceOrientationLandscapeLeft UIInterfaceOrientationLandscapeRight";
				LD_RUNPATH_SEARCH_PATHS = (
					"$(inherited)",
					"@executable_path/Frameworks",
				);
				MARKETING_VERSION = 1.0;
				PRODUCT_BUNDLE_IDENTIFIER = "YandexSMD-HW-Zheliba";
				PRODUCT_NAME = "$(TARGET_NAME)";
				SWIFT_EMIT_LOC_STRINGS = YES;
				SWIFT_STRICT_CONCURRENCY = complete;
				SWIFT_VERSION = 5.0;
				TARGETED_DEVICE_FAMILY = "1,2";
			};
			name = Release;
		};
		4FDCD8A22C25A57000E6D5A3 /* Debug */ = {
			isa = XCBuildConfiguration;
			baseConfigurationReference = 12249285C880633B7A5AF6F8 /* Pods-YandexSMD_HW_ZhelibaTests.debug.xcconfig */;
			buildSettings = {
				BUNDLE_LOADER = "$(TEST_HOST)";
				CLANG_ENABLE_MODULES = YES;
				CODE_SIGN_STYLE = Automatic;
				CURRENT_PROJECT_VERSION = 1;
				GENERATE_INFOPLIST_FILE = YES;
				MARKETING_VERSION = 1.0;
				PRODUCT_BUNDLE_IDENTIFIER = "opium.YandexSMD-HW-ZhelibaTests";
				PRODUCT_NAME = "$(TARGET_NAME)";
				SWIFT_EMIT_LOC_STRINGS = NO;
				SWIFT_OPTIMIZATION_LEVEL = "-Onone";
				SWIFT_VERSION = 5.0;
				TARGETED_DEVICE_FAMILY = "1,2";
				TEST_HOST = "$(BUILT_PRODUCTS_DIR)/YandexSMD_HW_Zheliba.app/$(BUNDLE_EXECUTABLE_FOLDER_PATH)/YandexSMD_HW_Zheliba";
			};
			name = Debug;
		};
		4FDCD8A32C25A57000E6D5A3 /* Release */ = {
			isa = XCBuildConfiguration;
			baseConfigurationReference = 70D9544D07B52BFDF3774AAF /* Pods-YandexSMD_HW_ZhelibaTests.release.xcconfig */;
			buildSettings = {
				BUNDLE_LOADER = "$(TEST_HOST)";
				CLANG_ENABLE_MODULES = YES;
				CODE_SIGN_STYLE = Automatic;
				CURRENT_PROJECT_VERSION = 1;
				GENERATE_INFOPLIST_FILE = YES;
				MARKETING_VERSION = 1.0;
				PRODUCT_BUNDLE_IDENTIFIER = "opium.YandexSMD-HW-ZhelibaTests";
				PRODUCT_NAME = "$(TARGET_NAME)";
				SWIFT_EMIT_LOC_STRINGS = NO;
				SWIFT_VERSION = 5.0;
				TARGETED_DEVICE_FAMILY = "1,2";
				TEST_HOST = "$(BUILT_PRODUCTS_DIR)/YandexSMD_HW_Zheliba.app/$(BUNDLE_EXECUTABLE_FOLDER_PATH)/YandexSMD_HW_Zheliba";
			};
			name = Release;
		};
/* End XCBuildConfiguration section */

/* Begin XCConfigurationList section */
		4FDCD86E2C25946100E6D5A3 /* Build configuration list for PBXProject "YandexSMD_HW_Zheliba" */ = {
			isa = XCConfigurationList;
			buildConfigurations = (
				4FDCD87F2C25946300E6D5A3 /* Debug */,
				4FDCD8802C25946300E6D5A3 /* Release */,
			);
			defaultConfigurationIsVisible = 0;
			defaultConfigurationName = Release;
		};
		4FDCD8812C25946300E6D5A3 /* Build configuration list for PBXNativeTarget "YandexSMD_HW_Zheliba" */ = {
			isa = XCConfigurationList;
			buildConfigurations = (
				4FDCD8822C25946300E6D5A3 /* Debug */,
				4FDCD8832C25946300E6D5A3 /* Release */,
			);
			defaultConfigurationIsVisible = 0;
			defaultConfigurationName = Release;
		};
		4FDCD8A12C25A57000E6D5A3 /* Build configuration list for PBXNativeTarget "YandexSMD_HW_ZhelibaTests" */ = {
			isa = XCConfigurationList;
			buildConfigurations = (
				4FDCD8A22C25A57000E6D5A3 /* Debug */,
				4FDCD8A32C25A57000E6D5A3 /* Release */,
			);
			defaultConfigurationIsVisible = 0;
			defaultConfigurationName = Release;
		};
/* End XCConfigurationList section */

/* Begin XCRemoteSwiftPackageReference section */
		4FBF33C92C429BF60045634F /* XCRemoteSwiftPackageReference "CocoaLumberjack" */ = {
			isa = XCRemoteSwiftPackageReference;
			repositoryURL = "https://github.com/CocoaLumberjack/CocoaLumberjack.git";
			requirement = {
				kind = upToNextMajorVersion;
				minimumVersion = 3.8.5;
			};
		};
		4FCD79E52C550ADD00E6A3A8 /* XCRemoteSwiftPackageReference "SQLite" */ = {
			isa = XCRemoteSwiftPackageReference;
			repositoryURL = "https://github.com/stephencelis/SQLite.swift";
			requirement = {
				kind = upToNextMajorVersion;
				minimumVersion = 0.15.3;
			};
		};
/* End XCRemoteSwiftPackageReference section */

/* Begin XCSwiftPackageProductDependency section */
		4FBF33CA2C429BF60045634F /* CocoaLumberjack */ = {
			isa = XCSwiftPackageProductDependency;
			package = 4FBF33C92C429BF60045634F /* XCRemoteSwiftPackageReference "CocoaLumberjack" */;
			productName = CocoaLumberjack;
		};
		4FBF33CC2C429BF60045634F /* CocoaLumberjackSwift */ = {
			isa = XCSwiftPackageProductDependency;
			package = 4FBF33C92C429BF60045634F /* XCRemoteSwiftPackageReference "CocoaLumberjack" */;
			productName = CocoaLumberjackSwift;
		};
		4FBF33CE2C429BF60045634F /* CocoaLumberjackSwiftLogBackend */ = {
			isa = XCSwiftPackageProductDependency;
			package = 4FBF33C92C429BF60045634F /* XCRemoteSwiftPackageReference "CocoaLumberjack" */;
			productName = CocoaLumberjackSwiftLogBackend;
		};
		4FCD79E62C550B9000E6A3A8 /* SQLite */ = {
			isa = XCSwiftPackageProductDependency;
			package = 4FCD79E52C550ADD00E6A3A8 /* XCRemoteSwiftPackageReference "SQLite" */;
			productName = SQLite;
		};
/* End XCSwiftPackageProductDependency section */
	};
	rootObject = 4FDCD86B2C25946100E6D5A3 /* Project object */;
}
